<?xml version="1.0" encoding="UTF-8" standalone="yes" ?>
<CodeBlocks_project_file>
	<FileVersion major="1" minor="6" />
	<Project>
		<Option title="XPG (ubu64)" />
		<Option pch_mode="2" />
		<Option compiler="gcc" />
		<Build>
			<Target title="Debug">
				<Option output="../test-xpg" prefix_auto="1" extension_auto="1" />
				<Option working_dir=".." />
				<Option object_output="obj/Debug/" />
				<Option type="1" />
				<Option compiler="gcc" />
				<Compiler>
					<Add option="-g" />
				</Compiler>
			</Target>
			<Target title="Release">
				<Option output="../libxpg" prefix_auto="1" extension_auto="1" />
				<Option working_dir="" />
				<Option object_output="obj/Release/" />
				<Option type="2" />
				<Option compiler="gcc" />
				<Compiler>
					<Add option="-O2" />
				</Compiler>
				<Linker>
					<Add option="-s" />
				</Linker>
			</Target>
		</Build>
		<Compiler>
			<Add option="-Wall" />
			<Add directory="../include" />
		</Compiler>
		<Linker>
			<Add option="-pthread" />
			<Add library="X11" />
			<Add library="GL" />
			<Add library="png-ubu64" />
			<Add library="z-ubu64" />
			<Add directory="../lib" />
		</Linker>
		<Unit filename="../include/XPG/DataTypes.hpp" />
		<Unit filename="../include/XPG/Engine.hpp" />
		<Unit filename="../include/XPG/Event.hpp" />
		<Unit filename="../include/XPG/Exception.hpp" />
		<Unit filename="../include/XPG/Image.hpp" />
		<Unit filename="../include/XPG/Main.hpp" />
		<Unit filename="../include/XPG/Matrix3D.hpp" />
		<Unit filename="../include/XPG/Module.hpp" />
		<Unit filename="../include/XPG/Mutex.hpp" />
		<Unit filename="../include/XPG/Network.hpp" />
		<Unit filename="../include/XPG/OpenGL/Base.hpp" />
		<Unit filename="../include/XPG/OpenGL/CubeMap.hpp" />
		<Unit filename="../include/XPG/OpenGL/Program.hpp" />
		<Unit filename="../include/XPG/OpenGL/Shader.hpp" />
		<Unit filename="../include/XPG/OpenGL/Texture.hpp" />
		<Unit filename="../include/XPG/OpenGL/Texture2D.hpp" />
		<Unit filename="../include/XPG/OpenGL/VertexArrayObject.hpp" />
		<Unit filename="../include/XPG/OpenGL/VertexBufferObject.hpp" />
		<Unit filename="../include/XPG/Platforms.hpp" />
		<Unit filename="../include/XPG/Thread.hpp" />
		<Unit filename="../include/XPG/Timer.hpp" />
		<Unit filename="../include/XPG/Vector3D.hpp" />
		<Unit filename="../include/XPG/private/glew.h" />
		<Unit filename="../include/XPG/private/glxew.h" />
		<Unit filename="../source/XPG/Engine.cpp" />
		<Unit filename="../source/XPG/Event.cpp" />
		<Unit filename="../source/XPG/Image.cpp" />
		<Unit filename="../source/XPG/Main.cpp" />
		<Unit filename="../source/XPG/Module.cpp" />
		<Unit filename="../source/XPG/OpenGL/Base.cpp" />
		<Unit filename="../source/XPG/OpenGL/CubeMap.cpp" />
		<Unit filename="../source/XPG/OpenGL/Program.cpp" />
		<Unit filename="../source/XPG/OpenGL/Shader.cpp" />
		<Unit filename="../source/XPG/OpenGL/Texture.cpp" />
		<Unit filename="../source/XPG/OpenGL/Texture2D.cpp" />
		<Unit filename="../source/XPG/OpenGL/VertexArrayObject.cpp" />
		<Unit filename="../source/XPG/OpenGL/VertexBufferObject.cpp" />
		<Unit filename="../source/XPG/X11/Engine.cpp" />
		<Unit filename="../source/XPG/image/png.cpp" />
		<Unit filename="../source/XPG/unix/Mutex.cpp" />
		<Unit filename="../source/XPG/unix/Network.cpp" />
		<Unit filename="../source/XPG/unix/Thread.cpp" />
		<Unit filename="../source/XPG/unix/Timer.cpp" />
		<Unit filename="../source/glew/glew.c">
			<Option compilerVar="CC" />
		</Unit>
		<Unit filename="../source/test/FancyTestModule.cpp">
			<Option target="Debug" />
		</Unit>
		<Unit filename="../source/test/FancyTestModule.h" />
		<Unit filename="../source/test/LiberateTypes.h" />
		<Unit filename="../source/test/MainXPG.cpp">
			<Option target="Debug" />
		</Unit>
		<Unit filename="../source/test/TSphere.cpp">
			<Option target="Debug" />
		</Unit>
		<Unit filename="../source/test/TSphere.h" />
		<Unit filename="../source/test/TestModule.cpp">
			<Option target="Debug" />
		</Unit>
		<Unit filename="../source/test/TestModule.hpp" />
		<Extensions>
			<code_completion />
			<debugger />
		</Extensions>
	</Project>
</CodeBlocks_project_file>
